
Microsoft Visual Studio Solution File, Format Version 12.00
# Visual Studio Version 17
VisualStudioVersion = 17.2.32616.157
MinimumVisualStudioVersion = 10.0.40219.1
Project("{FAE04EC0-301F-11D3-BF4B-00C04F79EFBC}") = "Praktan5", "Praktan5\Praktan5.csproj", "{C76E043D-8227-4603-83D3-12BAC62DBDEB}"
EndProject
Global
	GlobalSection(SolutionConfigurationPlatforms) = preSolution
		Debug|Any CPU = Debug|Any CPU
		Release|Any CPU = Release|Any CPU
	EndGlobalSection
	GlobalSection(ProjectConfigurationPlatforms) = postSolution
		{C76E043D-8227-4603-83D3-12BAC62DBDEB}.Debug|Any CPU.ActiveCfg = Debug|Any CPU
		{C76E043D-8227-4603-83D3-12BAC62DBDEB}.Debug|Any CPU.Build.0 = Debug|Any CPU
		{C76E043D-8227-4603-83D3-12BAC62DBDEB}.Release|Any CPU.ActiveCfg = Release|Any CPU
		{C76E043D-8227-4603-83D3-12BAC62DBDEB}.Release|Any CPU.Build.0 = Release|Any CPU
	EndGlobalSection
	GlobalSection(SolutionProperties) = preSolution
		HideSolutionNode = FALSE
	EndGlobalSection
	GlobalSection(ExtensibilityGlobals) = postSolution
		SolutionGuid = {3B667F5B-BE6C-4815-B2D0-3E9D1362D7A9}
	EndGlobalSection
EndGlobal
